
Microsoft Visual Studio Solution File, Format Version 12.00
# Visual Studio 15
VisualStudioVersion = 15.0.28307.329
MinimumVisualStudioVersion = 10.0.40219.1
Project("{FAE04EC0-301F-11D3-BF4B-00C04F79EFBC}") = "Bank", "Bank\Bank.csproj", "{A3DA5DE9-4894-4102-9C3D-0B840E9CD194}"
EndProject
Project("{FAE04EC0-301F-11D3-BF4B-00C04F79EFBC}") = "BankTests", "BankTests\BankTests.csproj", "{4E67BD66-C3EE-4287-BCA0-2E51DF158341}"
EndProject
Global
	GlobalSection(SolutionConfigurationPlatforms) = preSolution
		Debug|Any CPU = Debug|Any CPU
		Release|Any CPU = Release|Any CPU
	EndGlobalSection
	GlobalSection(ProjectConfigurationPlatforms) = postSolution
		{A3DA5DE9-4894-4102-9C3D-0B840E9CD194}.Debug|Any CPU.ActiveCfg = Debug|Any CPU
		{A3DA5DE9-4894-4102-9C3D-0B840E9CD194}.Debug|Any CPU.Build.0 = Debug|Any CPU
		{A3DA5DE9-4894-4102-9C3D-0B840E9CD194}.Release|Any CPU.ActiveCfg = Release|Any CPU
		{A3DA5DE9-4894-4102-9C3D-0B840E9CD194}.Release|Any CPU.Build.0 = Release|Any CPU
		{4E67BD66-C3EE-4287-BCA0-2E51DF158341}.Debug|Any CPU.ActiveCfg = Debug|Any CPU
		{4E67BD66-C3EE-4287-BCA0-2E51DF158341}.Debug|Any CPU.Build.0 = Debug|Any CPU
		{4E67BD66-C3EE-4287-BCA0-2E51DF158341}.Release|Any CPU.ActiveCfg = Release|Any CPU
		{4E67BD66-C3EE-4287-BCA0-2E51DF158341}.Release|Any CPU.Build.0 = Release|Any CPU
	EndGlobalSection
	GlobalSection(SolutionProperties) = preSolution
		HideSolutionNode = FALSE
	EndGlobalSection
	GlobalSection(ExtensibilityGlobals) = postSolution
		SolutionGuid = {5F4825E4-BFE4-476A-ADB3-5B0F11FA5F60}
	EndGlobalSection
EndGlobal
