
Microsoft Visual Studio Solution File, Format Version 12.00
# Visual Studio Version 16
VisualStudioVersion = 16.0.30413.136
MinimumVisualStudioVersion = 10.0.40219.1
Project("{FAE04EC0-301F-11D3-BF4B-00C04F79EFBC}") = "Bank", "Bank\Bank.csproj", "{B457E203-7727-4343-A242-96E65089C4A0}"
EndProject
Project("{FAE04EC0-301F-11D3-BF4B-00C04F79EFBC}") = "BankTest", "BankTest\BankTest.csproj", "{93677BBD-6E4E-4D3E-80B7-C40A1CF74B5E}"
EndProject
Global
	GlobalSection(SolutionConfigurationPlatforms) = preSolution
		Debug|Any CPU = Debug|Any CPU
		Release|Any CPU = Release|Any CPU
	EndGlobalSection
	GlobalSection(ProjectConfigurationPlatforms) = postSolution
		{B457E203-7727-4343-A242-96E65089C4A0}.Debug|Any CPU.ActiveCfg = Debug|Any CPU
		{B457E203-7727-4343-A242-96E65089C4A0}.Debug|Any CPU.Build.0 = Debug|Any CPU
		{B457E203-7727-4343-A242-96E65089C4A0}.Release|Any CPU.ActiveCfg = Release|Any CPU
		{B457E203-7727-4343-A242-96E65089C4A0}.Release|Any CPU.Build.0 = Release|Any CPU
		{93677BBD-6E4E-4D3E-80B7-C40A1CF74B5E}.Debug|Any CPU.ActiveCfg = Debug|Any CPU
		{93677BBD-6E4E-4D3E-80B7-C40A1CF74B5E}.Debug|Any CPU.Build.0 = Debug|Any CPU
		{93677BBD-6E4E-4D3E-80B7-C40A1CF74B5E}.Release|Any CPU.ActiveCfg = Release|Any CPU
		{93677BBD-6E4E-4D3E-80B7-C40A1CF74B5E}.Release|Any CPU.Build.0 = Release|Any CPU
	EndGlobalSection
	GlobalSection(SolutionProperties) = preSolution
		HideSolutionNode = FALSE
	EndGlobalSection
	GlobalSection(ExtensibilityGlobals) = postSolution
		SolutionGuid = {8ECBB1D2-EBB7-42F7-B4BE-B786E87FCB6B}
	EndGlobalSection
EndGlobal
